
Microsoft Visual Studio Solution File, Format Version 12.00
# Visual Studio 15
VisualStudioVersion = 15.0.27703.2026
MinimumVisualStudioVersion = 10.0.40219.1
Project("{FAE04EC0-301F-11D3-BF4B-00C04F79EFBC}") = "NetCoreLinfolk", "NetCoreLinfolk\NetCoreLinfolk.csproj", "{145BF20F-64A7-4F44-B198-7B4A8EB14F4C}"
EndProject
Global
	GlobalSection(SolutionConfigurationPlatforms) = preSolution
		Debug|Any CPU = Debug|Any CPU
		Release|Any CPU = Release|Any CPU
	EndGlobalSection
	GlobalSection(ProjectConfigurationPlatforms) = postSolution
		{145BF20F-64A7-4F44-B198-7B4A8EB14F4C}.Debug|Any CPU.ActiveCfg = Debug|Any CPU
		{145BF20F-64A7-4F44-B198-7B4A8EB14F4C}.Debug|Any CPU.Build.0 = Debug|Any CPU
		{145BF20F-64A7-4F44-B198-7B4A8EB14F4C}.Release|Any CPU.ActiveCfg = Release|Any CPU
		{145BF20F-64A7-4F44-B198-7B4A8EB14F4C}.Release|Any CPU.Build.0 = Release|Any CPU
	EndGlobalSection
	GlobalSection(SolutionProperties) = preSolution
		HideSolutionNode = FALSE
	EndGlobalSection
	GlobalSection(ExtensibilityGlobals) = postSolution
		SolutionGuid = {F5191E8D-3960-441C-82D6-9914660C02F4}
	EndGlobalSection
EndGlobal
